
Microsoft Visual Studio Solution File, Format Version 11.00
# Visual Studio 2010
Project("{FAE04EC0-301F-11D3-BF4B-00C04F79EFBC}") = "TransactionManager", "TransactionManager\TransactionManager.csproj", "{7FB5C669-6C83-4EFD-ADCB-ED99C81BCE16}"
EndProject
Project("{FAE04EC0-301F-11D3-BF4B-00C04F79EFBC}") = "DataLockManager", "DataLockManager\DataLockManager.csproj", "{021F2551-FE22-456C-99DC-03BC8DD1451D}"
EndProject
Project("{FAE04EC0-301F-11D3-BF4B-00C04F79EFBC}") = "Test", "Test\Test.csproj", "{0FD3D2CF-FCAD-4ECF-B129-FBF578FAAF2B}"
EndProject
Project("{2150E333-8FDC-42A3-9474-1A3956D46DE8}") = "Solution Items", "Solution Items", "{794414C3-3BD4-4100-B233-3A67EE5C6EC2}"
	ProjectSection(SolutionItems) = preProject
		DistributedDatabase.vsmdi = DistributedDatabase.vsmdi
		Local.testsettings = Local.testsettings
		TraceAndTestImpact.testsettings = TraceAndTestImpact.testsettings
	EndProjectSection
EndProject
Project("{FAE04EC0-301F-11D3-BF4B-00C04F79EFBC}") = "Core", "Core\Core.csproj", "{7CEF185B-DEF1-4291-A1E4-40990E6F31C8}"
EndProject
Project("{2150E333-8FDC-42A3-9474-1A3956D46DE8}") = "References", "References", "{B7A33C29-C930-4188-8455-7BB1AD3E5792}"
EndProject
Project("{2150E333-8FDC-42A3-9474-1A3956D46DE8}") = "RhinoMocks", "RhinoMocks", "{F0F4AB59-B230-45D9-8C65-240D8365A174}"
	ProjectSection(SolutionItems) = preProject
		References\RhinoMocks\acknowledgements.txt = References\RhinoMocks\acknowledgements.txt
		References\RhinoMocks\license.txt = References\RhinoMocks\license.txt
		References\RhinoMocks\Rhino.Mocks.dll = References\RhinoMocks\Rhino.Mocks.dll
		References\RhinoMocks\Rhino.Mocks.xml = References\RhinoMocks\Rhino.Mocks.xml
	EndProjectSection
EndProject
Global
	GlobalSection(SolutionConfigurationPlatforms) = preSolution
		Debug|Any CPU = Debug|Any CPU
		Debug|Mixed Platforms = Debug|Mixed Platforms
		Debug|x86 = Debug|x86
		Release|Any CPU = Release|Any CPU
		Release|Mixed Platforms = Release|Mixed Platforms
		Release|x86 = Release|x86
	EndGlobalSection
	GlobalSection(ProjectConfigurationPlatforms) = postSolution
		{021F2551-FE22-456C-99DC-03BC8DD1451D}.Debug|Any CPU.ActiveCfg = Debug|x86
		{021F2551-FE22-456C-99DC-03BC8DD1451D}.Debug|Mixed Platforms.ActiveCfg = Debug|x86
		{021F2551-FE22-456C-99DC-03BC8DD1451D}.Debug|Mixed Platforms.Build.0 = Debug|x86
		{021F2551-FE22-456C-99DC-03BC8DD1451D}.Debug|x86.ActiveCfg = Debug|x86
		{021F2551-FE22-456C-99DC-03BC8DD1451D}.Debug|x86.Build.0 = Debug|x86
		{021F2551-FE22-456C-99DC-03BC8DD1451D}.Release|Any CPU.ActiveCfg = Release|x86
		{021F2551-FE22-456C-99DC-03BC8DD1451D}.Release|Mixed Platforms.ActiveCfg = Release|x86
		{021F2551-FE22-456C-99DC-03BC8DD1451D}.Release|Mixed Platforms.Build.0 = Release|x86
		{021F2551-FE22-456C-99DC-03BC8DD1451D}.Release|x86.ActiveCfg = Release|x86
		{021F2551-FE22-456C-99DC-03BC8DD1451D}.Release|x86.Build.0 = Release|x86
		{0FD3D2CF-FCAD-4ECF-B129-FBF578FAAF2B}.Debug|Any CPU.ActiveCfg = Debug|Any CPU
		{0FD3D2CF-FCAD-4ECF-B129-FBF578FAAF2B}.Debug|Any CPU.Build.0 = Debug|Any CPU
		{0FD3D2CF-FCAD-4ECF-B129-FBF578FAAF2B}.Debug|Mixed Platforms.ActiveCfg = Debug|Any CPU
		{0FD3D2CF-FCAD-4ECF-B129-FBF578FAAF2B}.Debug|Mixed Platforms.Build.0 = Debug|Any CPU
		{0FD3D2CF-FCAD-4ECF-B129-FBF578FAAF2B}.Debug|x86.ActiveCfg = Debug|Any CPU
		{0FD3D2CF-FCAD-4ECF-B129-FBF578FAAF2B}.Release|Any CPU.ActiveCfg = Release|Any CPU
		{0FD3D2CF-FCAD-4ECF-B129-FBF578FAAF2B}.Release|Any CPU.Build.0 = Release|Any CPU
		{0FD3D2CF-FCAD-4ECF-B129-FBF578FAAF2B}.Release|Mixed Platforms.ActiveCfg = Release|Any CPU
		{0FD3D2CF-FCAD-4ECF-B129-FBF578FAAF2B}.Release|Mixed Platforms.Build.0 = Release|Any CPU
		{0FD3D2CF-FCAD-4ECF-B129-FBF578FAAF2B}.Release|x86.ActiveCfg = Release|Any CPU
		{7CEF185B-DEF1-4291-A1E4-40990E6F31C8}.Debug|Any CPU.ActiveCfg = Debug|Any CPU
		{7CEF185B-DEF1-4291-A1E4-40990E6F31C8}.Debug|Any CPU.Build.0 = Debug|Any CPU
		{7CEF185B-DEF1-4291-A1E4-40990E6F31C8}.Debug|Mixed Platforms.ActiveCfg = Debug|Any CPU
		{7CEF185B-DEF1-4291-A1E4-40990E6F31C8}.Debug|Mixed Platforms.Build.0 = Debug|Any CPU
		{7CEF185B-DEF1-4291-A1E4-40990E6F31C8}.Debug|x86.ActiveCfg = Debug|Any CPU
		{7CEF185B-DEF1-4291-A1E4-40990E6F31C8}.Release|Any CPU.ActiveCfg = Release|Any CPU
		{7CEF185B-DEF1-4291-A1E4-40990E6F31C8}.Release|Any CPU.Build.0 = Release|Any CPU
		{7CEF185B-DEF1-4291-A1E4-40990E6F31C8}.Release|Mixed Platforms.ActiveCfg = Release|Any CPU
		{7CEF185B-DEF1-4291-A1E4-40990E6F31C8}.Release|Mixed Platforms.Build.0 = Release|Any CPU
		{7CEF185B-DEF1-4291-A1E4-40990E6F31C8}.Release|x86.ActiveCfg = Release|Any CPU
		{7FB5C669-6C83-4EFD-ADCB-ED99C81BCE16}.Debug|Any CPU.ActiveCfg = Debug|x86
		{7FB5C669-6C83-4EFD-ADCB-ED99C81BCE16}.Debug|Any CPU.Build.0 = Debug|x86
		{7FB5C669-6C83-4EFD-ADCB-ED99C81BCE16}.Debug|Mixed Platforms.ActiveCfg = Debug|x86
		{7FB5C669-6C83-4EFD-ADCB-ED99C81BCE16}.Debug|Mixed Platforms.Build.0 = Debug|x86
		{7FB5C669-6C83-4EFD-ADCB-ED99C81BCE16}.Debug|x86.ActiveCfg = Debug|x86
		{7FB5C669-6C83-4EFD-ADCB-ED99C81BCE16}.Debug|x86.Build.0 = Debug|x86
		{7FB5C669-6C83-4EFD-ADCB-ED99C81BCE16}.Release|Any CPU.ActiveCfg = Release|x86
		{7FB5C669-6C83-4EFD-ADCB-ED99C81BCE16}.Release|Mixed Platforms.ActiveCfg = Release|x86
		{7FB5C669-6C83-4EFD-ADCB-ED99C81BCE16}.Release|Mixed Platforms.Build.0 = Release|x86
		{7FB5C669-6C83-4EFD-ADCB-ED99C81BCE16}.Release|x86.ActiveCfg = Release|x86
		{7FB5C669-6C83-4EFD-ADCB-ED99C81BCE16}.Release|x86.Build.0 = Release|x86
	EndGlobalSection
	GlobalSection(NestedProjects) = preSolution
		{F0F4AB59-B230-45D9-8C65-240D8365A174} = {B7A33C29-C930-4188-8455-7BB1AD3E5792}
	EndGlobalSection
	GlobalSection(MonoDevelopProperties) = preSolution
		StartupItem = TransactionManager\TransactionManager.csproj
	EndGlobalSection
	GlobalSection(TestCaseManagementSettings) = postSolution
		CategoryFile = DistributedDatabase.vsmdi
	EndGlobalSection
	GlobalSection(SolutionProperties) = preSolution
		HideSolutionNode = FALSE
	EndGlobalSection
EndGlobal
